
Microsoft Visual Studio Solution File, Format Version 12.00
# Visual Studio 15
VisualStudioVersion = 15.0.28010.2003
MinimumVisualStudioVersion = 10.0.40219.1
Project("{FAE04EC0-301F-11D3-BF4B-00C04F79EFBC}") = "fontDialog", "fontDialog\fontDialog.csproj", "{CEEF3B1C-448F-46A7-A169-61E8F42CA6A5}"
EndProject
Global
	GlobalSection(SolutionConfigurationPlatforms) = preSolution
		Debug|Any CPU = Debug|Any CPU
		Release|Any CPU = Release|Any CPU
	EndGlobalSection
	GlobalSection(ProjectConfigurationPlatforms) = postSolution
		{CEEF3B1C-448F-46A7-A169-61E8F42CA6A5}.Debug|Any CPU.ActiveCfg = Debug|Any CPU
		{CEEF3B1C-448F-46A7-A169-61E8F42CA6A5}.Debug|Any CPU.Build.0 = Debug|Any CPU
		{CEEF3B1C-448F-46A7-A169-61E8F42CA6A5}.Release|Any CPU.ActiveCfg = Release|Any CPU
		{CEEF3B1C-448F-46A7-A169-61E8F42CA6A5}.Release|Any CPU.Build.0 = Release|Any CPU
	EndGlobalSection
	GlobalSection(SolutionProperties) = preSolution
		HideSolutionNode = FALSE
	EndGlobalSection
	GlobalSection(ExtensibilityGlobals) = postSolution
		SolutionGuid = {98DB8A0E-C04E-4BD9-93E3-3D799915749D}
	EndGlobalSection
EndGlobal
